// !$*UTF8*$!
{
	archiveVersion = 1;
	classes = {
	};
	objectVersion = 55;
	objects = {

/* Begin PBXBuildFile section */
		C128C69D28A1744A0063BF83 /* AppDelegate.swift in Sources */ = {isa = PBXBuildFile; fileRef = C128C69C28A1744A0063BF83 /* AppDelegate.swift */; };
		C128C69F28A1744A0063BF83 /* SceneDelegate.swift in Sources */ = {isa = PBXBuildFile; fileRef = C128C69E28A1744A0063BF83 /* SceneDelegate.swift */; };
		C128C6A128A1744A0063BF83 /* ViewController.swift in Sources */ = {isa = PBXBuildFile; fileRef = C128C6A028A1744A0063BF83 /* ViewController.swift */; };
		C128C6A428A1744A0063BF83 /* Main.storyboard in Resources */ = {isa = PBXBuildFile; fileRef = C128C6A228A1744A0063BF83 /* Main.storyboard */; };
		C128C6A628A1744A0063BF83 /* Assets.xcassets in Resources */ = {isa = PBXBuildFile; fileRef = C128C6A528A1744A0063BF83 /* Assets.xcassets */; };
		C128C6A928A1744A0063BF83 /* LaunchScreen.storyboard in Resources */ = {isa = PBXBuildFile; fileRef = C128C6A728A1744A0063BF83 /* LaunchScreen.storyboard */; };
		C128C6B328A1A1070063BF83 /* CoinManager.swift in Sources */ = {isa = PBXBuildFile; fileRef = C128C6B228A1A1070063BF83 /* CoinManager.swift */; };
		C128C6B628A1AEAC0063BF83 /* CoinData.swift in Sources */ = {isa = PBXBuildFile; fileRef = C128C6B528A1AEAC0063BF83 /* CoinData.swift */; };
/* End PBXBuildFile section */

/* Begin PBXFileReference section */
		C128C69928A1744A0063BF83 /* BTCKur.app */ = {isa = PBXFileReference; explicitFileType = wrapper.application; includeInIndex = 0; path = BTCKur.app; sourceTree = BUILT_PRODUCTS_DIR; };
		C128C69C28A1744A0063BF83 /* AppDelegate.swift */ = {isa = PBXFileReference; lastKnownFileType = sourcecode.swift; path = AppDelegate.swift; sourceTree = "<group>"; };
		C128C69E28A1744A0063BF83 /* SceneDelegate.swift */ = {isa = PBXFileReference; lastKnownFileType = sourcecode.swift; path = SceneDelegate.swift; sourceTree = "<group>"; };
		C128C6A028A1744A0063BF83 /* ViewController.swift */ = {isa = PBXFileReference; lastKnownFileType = sourcecode.swift; path = ViewController.swift; sourceTree = "<group>"; };
		C128C6A328A1744A0063BF83 /* Base */ = {isa = PBXFileReference; lastKnownFileType = file.storyboard; name = Base; path = Base.lproj/Main.storyboard; sourceTree = "<group>"; };
		C128C6A528A1744A0063BF83 /* Assets.xcassets */ = {isa = PBXFileReference; lastKnownFileType = folder.assetcatalog; path = Assets.xcassets; sourceTree = "<group>"; };
		C128C6A828A1744A0063BF83 /* Base */ = {isa = PBXFileReference; lastKnownFileType = file.storyboard; name = Base; path = Base.lproj/LaunchScreen.storyboard; sourceTree = "<group>"; };
		C128C6AA28A1744A0063BF83 /* Info.plist */ = {isa = PBXFileReference; lastKnownFileType = text.plist.xml; path = Info.plist; sourceTree = "<group>"; };
		C128C6B228A1A1070063BF83 /* CoinManager.swift */ = {isa = PBXFileReference; lastKnownFileType = sourcecode.swift; path = CoinManager.swift; sourceTree = "<group>"; };
		C128C6B528A1AEAC0063BF83 /* CoinData.swift */ = {isa = PBXFileReference; lastKnownFileType = sourcecode.swift; path = CoinData.swift; sourceTree = "<group>"; };
/* End PBXFileReference section */

/* Begin PBXFrameworksBuildPhase section */
		C128C69628A1744A0063BF83 /* Frameworks */ = {
			isa = PBXFrameworksBuildPhase;
			buildActionMask = 2147483647;
			files = (
			);
			runOnlyForDeploymentPostprocessing = 0;
		};
/* End PBXFrameworksBuildPhase section */

/* Begin PBXGroup section */
		C128C69028A1744A0063BF83 = {
			isa = PBXGroup;
			children = (
				C128C69B28A1744A0063BF83 /* BTCKur */,
				C128C69A28A1744A0063BF83 /* Products */,
			);
			sourceTree = "<group>";
		};
		C128C69A28A1744A0063BF83 /* Products */ = {
			isa = PBXGroup;
			children = (
				C128C69928A1744A0063BF83 /* BTCKur.app */,
			);
			name = Products;
			sourceTree = "<group>";
		};
		C128C69B28A1744A0063BF83 /* BTCKur */ = {
			isa = PBXGroup;
			children = (
				C128C69C28A1744A0063BF83 /* AppDelegate.swift */,
				C128C69E28A1744A0063BF83 /* SceneDelegate.swift */,
				C128C6B428A1A1170063BF83 /* Model */,
				C128C6B128A1A0E80063BF83 /* Controller */,
				C128C6B028A1A0E10063BF83 /* View */,
				C128C6A528A1744A0063BF83 /* Assets.xcassets */,
				C128C6A728A1744A0063BF83 /* LaunchScreen.storyboard */,
				C128C6AA28A1744A0063BF83 /* Info.plist */,
			);
			path = BTCKur;
			sourceTree = "<group>";
		};
		C128C6B028A1A0E10063BF83 /* View */ = {
			isa = PBXGroup;
			children = (
				C128C6A228A1744A0063BF83 /* Main.storyboard */,
			);
			path = View;
			sourceTree = "<group>";
		};
		C128C6B128A1A0E80063BF83 /* Controller */ = {
			isa = PBXGroup;
			children = (
				C128C6A028A1744A0063BF83 /* ViewController.swift */,
			);
			path = Controller;
			sourceTree = "<group>";
		};
		C128C6B428A1A1170063BF83 /* Model */ = {
			isa = PBXGroup;
			children = (
				C128C6B228A1A1070063BF83 /* CoinManager.swift */,
				C128C6B528A1AEAC0063BF83 /* CoinData.swift */,
			);
			path = Model;
			sourceTree = "<group>";
		};
/* End PBXGroup section */

/* Begin PBXNativeTarget section */
		C128C69828A1744A0063BF83 /* BTCKur */ = {
			isa = PBXNativeTarget;
			buildConfigurationList = C128C6AD28A1744A0063BF83 /* Build configuration list for PBXNativeTarget "BTCKur" */;
			buildPhases = (
				C128C69528A1744A0063BF83 /* Sources */,
				C128C69628A1744A0063BF83 /* Frameworks */,
				C128C69728A1744A0063BF83 /* Resources */,
			);
			buildRules = (
			);
			dependencies = (
			);
			name = BTCKur;
			productName = BTCKur;
			productReference = C128C69928A1744A0063BF83 /* BTCKur.app */;
			productType = "com.apple.product-type.application";
		};
/* End PBXNativeTarget section */

/* Begin PBXProject section */
		C128C69128A1744A0063BF83 /* Project object */ = {
			isa = PBXProject;
			attributes = {
				BuildIndependentTargetsInParallel = 1;
				LastSwiftUpdateCheck = 1340;
				LastUpgradeCheck = 1340;
				TargetAttributes = {
					C128C69828A1744A0063BF83 = {
						CreatedOnToolsVersion = 13.4.1;
					};
				};
			};
			buildConfigurationList = C128C69428A1744A0063BF83 /* Build configuration list for PBXProject "BTCKur" */;
			compatibilityVersion = "Xcode 13.0";
			developmentRegion = en;
			hasScannedForEncodings = 0;
			knownRegions = (
				en,
				Base,
			);
			mainGroup = C128C69028A1744A0063BF83;
			productRefGroup = C128C69A28A1744A0063BF83 /* Products */;
			projectDirPath = "";
			projectRoot = "";
			targets = (
				C128C69828A1744A0063BF83 /* BTCKur */,
			);
		};
/* End PBXProject section */

/* Begin PBXResourcesBuildPhase section */
		C128C69728A1744A0063BF83 /* Resources */ = {
			isa = PBXResourcesBuildPhase;
			buildActionMask = 2147483647;
			files = (
				C128C6A928A1744A0063BF83 /* LaunchScreen.storyboard in Resources */,
				C128C6A628A1744A0063BF83 /* Assets.xcassets in Resources */,
				C128C6A428A1744A0063BF83 /* Main.storyboard in Resources */,
			);
			runOnlyForDeploymentPostprocessing = 0;
		};
/* End PBXResourcesBuildPhase section */

/* Begin PBXSourcesBuildPhase section */
		C128C69528A1744A0063BF83 /* Sources */ = {
			isa = PBXSourcesBuildPhase;
			buildActionMask = 2147483647;
			files = (
				C128C6B628A1AEAC0063BF83 /* CoinData.swift in Sources */,
				C128C6B328A1A1070063BF83 /* CoinManager.swift in Sources */,
				C128C6A128A1744A0063BF83 /* ViewController.swift in Sources */,
				C128C69D28A1744A0063BF83 /* AppDelegate.swift in Sources */,
				C128C69F28A1744A0063BF83 /* SceneDelegate.swift in Sources */,
			);
			runOnlyForDeploymentPostprocessing = 0;
		};
/* End PBXSourcesBuildPhase section */

/* Begin PBXVariantGroup section */
		C128C6A228A1744A0063BF83 /* Main.storyboard */ = {
			isa = PBXVariantGroup;
			children = (
				C128C6A328A1744A0063BF83 /* Base */,
			);
			name = Main.storyboard;
			sourceTree = "<group>";
		};
		C128C6A728A1744A0063BF83 /* LaunchScreen.storyboard */ = {
			isa = PBXVariantGroup;
			children = (
				C128C6A828A1744A0063BF83 /* Base */,
			);
			name = LaunchScreen.storyboard;
			sourceTree = "<group>";
		};
/* End PBXVariantGroup section */

/* Begin XCBuildConfiguration section */
		C128C6AB28A1744A0063BF83 /* Debug */ = {
			isa = XCBuildConfiguration;
			buildSettings = {
				ALWAYS_SEARCH_USER_PATHS = NO;
				CLANG_ANALYZER_NONNULL = YES;
				CLANG_ANALYZER_NUMBER_OBJECT_CONVERSION = YES_AGGRESSIVE;
				CLANG_CXX_LANGUAGE_STANDARD = "gnu++17";
				CLANG_ENABLE_MODULES = YES;
				CLANG_ENABLE_OBJC_ARC = YES;
				CLANG_ENABLE_OBJC_WEAK = YES;
				CLANG_WARN_BLOCK_CAPTURE_AUTORELEASING = YES;
				CLANG_WARN_BOOL_CONVERSION = YES;
				CLANG_WARN_COMMA = YES;
				CLANG_WARN_CONSTANT_CONVERSION = YES;
				CLANG_WARN_DEPRECATED_OBJC_IMPLEMENTATIONS = YES;
				CLANG_WARN_DIRECT_OBJC_ISA_USAGE = YES_ERROR;
				CLANG_WARN_DOCUMENTATION_COMMENTS = YES;
				CLANG_WARN_EMPTY_BODY = YES;
				CLANG_WARN_ENUM_CONVERSION = YES;
				CLANG_WARN_INFINITE_RECURSION = YES;
				CLANG_WARN_INT_CONVERSION = YES;
				CLANG_WARN_NON_LITERAL_NULL_CONVERSION = YES;
				CLANG_WARN_OBJC_IMPLICIT_RETAIN_SELF = YES;
				CLANG_WARN_OBJC_LITERAL_CONVERSION = YES;
				CLANG_WARN_OBJC_ROOT_CLASS = YES_ERROR;
				CLANG_WARN_QUOTED_INCLUDE_IN_FRAMEWORK_HEADER = YES;
				CLANG_WARN_RANGE_LOOP_ANALYSIS = YES;
				CLANG_WARN_STRICT_PROTOTYPES = YES;
				CLANG_WARN_SUSPICIOUS_MOVE = YES;
				CLANG_WARN_UNGUARDED_AVAILABILITY = YES_AGGRESSIVE;
				CLANG_WARN_UNREACHABLE_CODE = YES;
				CLANG_WARN__DUPLICATE_METHOD_MATCH = YES;
				COPY_PHASE_STRIP = NO;
				DEBUG_INFORMATION_FORMAT = dwarf;
				ENABLE_STRICT_OBJC_MSGSEND = YES;
				ENABLE_TESTABILITY = YES;
				GCC_C_LANGUAGE_STANDARD = gnu11;
				GCC_DYNAMIC_NO_PIC = NO;
				GCC_NO_COMMON_BLOCKS = YES;
				GCC_OPTIMIZATION_LEVEL = 0;
				GCC_PREPROCESSOR_DEFINITIONS = (
					"DEBUG=1",
					"$(inherited)",
				);
				GCC_WARN_64_TO_32_BIT_CONVERSION = YES;
				GCC_WARN_ABOUT_RETURN_TYPE = YES_ERROR;
				GCC_WARN_UNDECLARED_SELECTOR = YES;
				GCC_WARN_UNINITIALIZED_AUTOS = YES_AGGRESSIVE;
				GCC_WARN_UNUSED_FUNCTION = YES;
				GCC_WARN_UNUSED_VARIABLE = YES;
				IPHONEOS_DEPLOYMENT_TARGET = 15.5;
				MTL_ENABLE_DEBUG_INFO = INCLUDE_SOURCE;
				MTL_FAST_MATH = YES;
				ONLY_ACTIVE_ARCH = YES;
				SDKROOT = iphoneos;
				SWIFT_ACTIVE_COMPILATION_CONDITIONS = DEBUG;
				SWIFT_OPTIMIZATION_LEVEL = "-Onone";
			};
			name = Debug;
		};
		C128C6AC28A1744A0063BF83 /* Release */ = {
			isa = XCBuildConfiguration;
			buildSettings = {
				ALWAYS_SEARCH_USER_PATHS = NO;
				CLANG_ANALYZER_NONNULL = YES;
				CLANG_ANALYZER_NUMBER_OBJECT_CONVERSION = YES_AGGRESSIVE;
				CLANG_CXX_LANGUAGE_STANDARD = "gnu++17";
				CLANG_ENABLE_MODULES = YES;
				CLANG_ENABLE_OBJC_ARC = YES;
				CLANG_ENABLE_OBJC_WEAK = YES;
				CLANG_WARN_BLOCK_CAPTURE_AUTORELEASING = YES;
				CLANG_WARN_BOOL_CONVERSION = YES;
				CLANG_WARN_COMMA = YES;
				CLANG_WARN_CONSTANT_CONVERSION = YES;
				CLANG_WARN_DEPRECATED_OBJC_IMPLEMENTATIONS = YES;
				CLANG_WARN_DIRECT_OBJC_ISA_USAGE = YES_ERROR;
				CLANG_WARN_DOCUMENTATION_COMMENTS = YES;
				CLANG_WARN_EMPTY_BODY = YES;
				CLANG_WARN_ENUM_CONVERSION = YES;
				CLANG_WARN_INFINITE_RECURSION = YES;
				CLANG_WARN_INT_CONVERSION = YES;
				CLANG_WARN_NON_LITERAL_NULL_CONVERSION = YES;
				CLANG_WARN_OBJC_IMPLICIT_RETAIN_SELF = YES;
				CLANG_WARN_OBJC_LITERAL_CONVERSION = YES;
				CLANG_WARN_OBJC_ROOT_CLASS = YES_ERROR;
				CLANG_WARN_QUOTED_INCLUDE_IN_FRAMEWORK_HEADER = YES;
				CLANG_WARN_RANGE_LOOP_ANALYSIS = YES;
				CLANG_WARN_STRICT_PROTOTYPES = YES;
				CLANG_WARN_SUSPICIOUS_MOVE = YES;
				CLANG_WARN_UNGUARDED_AVAILABILITY = YES_AGGRESSIVE;
				CLANG_WARN_UNREACHABLE_CODE = YES;
				CLANG_WARN__DUPLICATE_METHOD_MATCH = YES;
				COPY_PHASE_STRIP = NO;
				DEBUG_INFORMATION_FORMAT = "dwarf-with-dsym";
				ENABLE_NS_ASSERTIONS = NO;
				ENABLE_STRICT_OBJC_MSGSEND = YES;
				GCC_C_LANGUAGE_STANDARD = gnu11;
				GCC_NO_COMMON_BLOCKS = YES;
				GCC_WARN_64_TO_32_BIT_CONVERSION = YES;
				GCC_WARN_ABOUT_RETURN_TYPE = YES_ERROR;
				GCC_WARN_UNDECLARED_SELECTOR = YES;
				GCC_WARN_UNINITIALIZED_AUTOS = YES_AGGRESSIVE;
				GCC_WARN_UNUSED_FUNCTION = YES;
				GCC_WARN_UNUSED_VARIABLE = YES;
				IPHONEOS_DEPLOYMENT_TARGET = 15.5;
				MTL_ENABLE_DEBUG_INFO = NO;
				MTL_FAST_MATH = YES;
				SDKROOT = iphoneos;
				SWIFT_COMPILATION_MODE = wholemodule;
				SWIFT_OPTIMIZATION_LEVEL = "-O";
				VALIDATE_PRODUCT = YES;
			};
			name = Release;
		};
		C128C6AE28A1744A0063BF83 /* Debug */ = {
			isa = XCBuildConfiguration;
			buildSettings = {
				ASSETCATALOG_COMPILER_APPICON_NAME = AppIcon;
				ASSETCATALOG_COMPILER_GLOBAL_ACCENT_COLOR_NAME = AccentColor;
				CODE_SIGN_STYLE = Automatic;
				CURRENT_PROJECT_VERSION = 1;
				DEVELOPMENT_TEAM = 62SWVBM2A2;
				GENERATE_INFOPLIST_FILE = YES;
				INFOPLIST_FILE = BTCKur/Info.plist;
				INFOPLIST_KEY_UIApplicationSupportsIndirectInputEvents = YES;
				INFOPLIST_KEY_UILaunchStoryboardName = LaunchScreen;
				INFOPLIST_KEY_UIMainStoryboardFile = Main;
				INFOPLIST_KEY_UISupportedInterfaceOrientations_iPad = "UIInterfaceOrientationPortrait UIInterfaceOrientationPortraitUpsideDown UIInterfaceOrientationLandscapeLeft UIInterfaceOrientationLandscapeRight";
				INFOPLIST_KEY_UISupportedInterfaceOrientations_iPhone = "UIInterfaceOrientationPortrait UIInterfaceOrientationLandscapeLeft UIInterfaceOrientationLandscapeRight";
				LD_RUNPATH_SEARCH_PATHS = (
					"$(inherited)",
					"@executable_path/Frameworks",
				);
				MARKETING_VERSION = 1.0;
				PRODUCT_BUNDLE_IDENTIFIER = com.barisyesilkayaa.BTCKur;
				PRODUCT_NAME = "$(TARGET_NAME)";
				SWIFT_EMIT_LOC_STRINGS = YES;
				SWIFT_VERSION = 5.0;
				TARGETED_DEVICE_FAMILY = "1,2";
			};
			name = Debug;
		};
		C128C6AF28A1744A0063BF83 /* Release */ = {
			isa = XCBuildConfiguration;
			buildSettings = {
				ASSETCATALOG_COMPILER_APPICON_NAME = AppIcon;
				ASSETCATALOG_COMPILER_GLOBAL_ACCENT_COLOR_NAME = AccentColor;
				CODE_SIGN_STYLE = Automatic;
				CURRENT_PROJECT_VERSION = 1;
				DEVELOPMENT_TEAM = 62SWVBM2A2;
				GENERATE_INFOPLIST_FILE = YES;
				INFOPLIST_FILE = BTCKur/Info.plist;
				INFOPLIST_KEY_UIApplicationSupportsIndirectInputEvents = YES;
				INFOPLIST_KEY_UILaunchStoryboardName = LaunchScreen;
				INFOPLIST_KEY_UIMainStoryboardFile = Main;
				INFOPLIST_KEY_UISupportedInterfaceOrientations_iPad = "UIInterfaceOrientationPortrait UIInterfaceOrientationPortraitUpsideDown UIInterfaceOrientationLandscapeLeft UIInterfaceOrientationLandscapeRight";
				INFOPLIST_KEY_UISupportedInterfaceOrientations_iPhone = "UIInterfaceOrientationPortrait UIInterfaceOrientationLandscapeLeft UIInterfaceOrientationLandscapeRight";
				LD_RUNPATH_SEARCH_PATHS = (
					"$(inherited)",
					"@executable_path/Frameworks",
				);
				MARKETING_VERSION = 1.0;
				PRODUCT_BUNDLE_IDENTIFIER = com.barisyesilkayaa.BTCKur;
				PRODUCT_NAME = "$(TARGET_NAME)";
				SWIFT_EMIT_LOC_STRINGS = YES;
				SWIFT_VERSION = 5.0;
				TARGETED_DEVICE_FAMILY = "1,2";
			};
			name = Release;
		};
/* End XCBuildConfiguration section */

/* Begin XCConfigurationList section */
		C128C69428A1744A0063BF83 /* Build configuration list for PBXProject "BTCKur" */ = {
			isa = XCConfigurationList;
			buildConfigurations = (
				C128C6AB28A1744A0063BF83 /* Debug */,
				C128C6AC28A1744A0063BF83 /* Release */,
			);
			defaultConfigurationIsVisible = 0;
			defaultConfigurationName = Release;
		};
		C128C6AD28A1744A0063BF83 /* Build configuration list for PBXNativeTarget "BTCKur" */ = {
			isa = XCConfigurationList;
			buildConfigurations = (
				C128C6AE28A1744A0063BF83 /* Debug */,
				C128C6AF28A1744A0063BF83 /* Release */,
			);
			defaultConfigurationIsVisible = 0;
			defaultConfigurationName = Release;
		};
/* End XCConfigurationList section */
	};
	rootObject = C128C69128A1744A0063BF83 /* Project object */;
}
